
Microsoft Visual Studio Solution File, Format Version 12.00
# Visual Studio Version 17
VisualStudioVersion = 17.0.32112.339
MinimumVisualStudioVersion = 10.0.40219.1
Project("{2150E333-8FDC-42A3-9474-1A3956D46DE8}") = "01_ConsolePrograms", "01_ConsolePrograms", "{47DB4D4C-3BA2-44F0-A45C-17BFC9757B70}"
EndProject
Project("{FAE04EC0-301F-11D3-BF4B-00C04F79EFBC}") = "NumberGuessingGame", "NumberGuessingGame\NumberGuessingGame.csproj", "{8DBAC968-3663-46EA-B645-C7CBD1B0A463}"
EndProject
Project("{FAE04EC0-301F-11D3-BF4B-00C04F79EFBC}") = "SimpleQuiz", "SimpleQuiz\SimpleQuiz.csproj", "{3D6C2CE4-C041-4AF4-B9E1-D16E75284EB4}"
EndProject
Global
	GlobalSection(SolutionConfigurationPlatforms) = preSolution
		Debug|Any CPU = Debug|Any CPU
		Release|Any CPU = Release|Any CPU
	EndGlobalSection
	GlobalSection(ProjectConfigurationPlatforms) = postSolution
		{8DBAC968-3663-46EA-B645-C7CBD1B0A463}.Debug|Any CPU.ActiveCfg = Debug|Any CPU
		{8DBAC968-3663-46EA-B645-C7CBD1B0A463}.Debug|Any CPU.Build.0 = Debug|Any CPU
		{8DBAC968-3663-46EA-B645-C7CBD1B0A463}.Release|Any CPU.ActiveCfg = Release|Any CPU
		{8DBAC968-3663-46EA-B645-C7CBD1B0A463}.Release|Any CPU.Build.0 = Release|Any CPU
		{3D6C2CE4-C041-4AF4-B9E1-D16E75284EB4}.Debug|Any CPU.ActiveCfg = Debug|Any CPU
		{3D6C2CE4-C041-4AF4-B9E1-D16E75284EB4}.Debug|Any CPU.Build.0 = Debug|Any CPU
		{3D6C2CE4-C041-4AF4-B9E1-D16E75284EB4}.Release|Any CPU.ActiveCfg = Release|Any CPU
		{3D6C2CE4-C041-4AF4-B9E1-D16E75284EB4}.Release|Any CPU.Build.0 = Release|Any CPU
	EndGlobalSection
	GlobalSection(SolutionProperties) = preSolution
		HideSolutionNode = FALSE
	EndGlobalSection
	GlobalSection(NestedProjects) = preSolution
		{8DBAC968-3663-46EA-B645-C7CBD1B0A463} = {47DB4D4C-3BA2-44F0-A45C-17BFC9757B70}
		{3D6C2CE4-C041-4AF4-B9E1-D16E75284EB4} = {47DB4D4C-3BA2-44F0-A45C-17BFC9757B70}
	EndGlobalSection
	GlobalSection(ExtensibilityGlobals) = postSolution
		SolutionGuid = {90337DBF-8C61-4322-9413-AC35802E8B54}
	EndGlobalSection
EndGlobal
